schema: '2.0'
stages:
  data_ingestion:
    cmd: python src/kidneyDiseaseClassifier/pipeline/stage_01_data_ingestion.py
    deps:
    - path: config/config.yaml
      hash: md5
      md5: 1388a08cb3883c3cef5eb62ae1236f0f
      size: 580
    - path: src/kidneyDiseaseClassifier/pipeline/stage_01_data_ingestion.py
      hash: md5
      md5: 831352ec20bb725e6b2140482990d9b7
      size: 1138
    outs:
    - path: artifacts/data_ingestion/CT-KIDNEY-DATASET-Normal-Cyst-Tumor-Stone
      hash: md5
      md5: 2800e3d66da06116e05a6912be5bd40e.dir
      size: 9992647
      nfiles: 98
  prepare_base_model:
    cmd: python src/kidneyDiseaseClassifier/pipeline/stage_02_model_building.py
    deps:
    - path: config/config.yaml
      hash: md5
      md5: 1388a08cb3883c3cef5eb62ae1236f0f
      size: 580
    - path: src/kidneyDiseaseClassifier/pipeline/stage_02_model_building.py
      hash: md5
      md5: d6d99475c51eb1e50b47d8a4744cad7a
      size: 1170
    params:
      params.yaml:
        CLASSES: 2
        IMAGE_SIZE:
        - 224
        - 224
        - 3
        INCLUDE_TOP: false
        LEARNING_RATE: 0.01
        WEIGHTS: imagenet
    outs:
    - path: artifacts/prepare_base_model
      hash: md5
      md5: 6e9e6244d98fa84f31ea655350b38179.dir
      size: 118054560
      nfiles: 2
  training:
    cmd: python src/kidneyDiseaseClassifier/pipeline/stage_03_model_training.py
    deps:
    - path: artifacts/data_ingestion/CT-KIDNEY-DATASET-Normal-Cyst-Tumor-Stone
      hash: md5
      md5: 2800e3d66da06116e05a6912be5bd40e.dir
      size: 9992647
      nfiles: 98
    - path: artifacts/prepare_base_model
      hash: md5
      md5: 6e9e6244d98fa84f31ea655350b38179.dir
      size: 118054560
      nfiles: 2
    - path: config/config.yaml
      hash: md5
      md5: 1388a08cb3883c3cef5eb62ae1236f0f
      size: 580
    - path: src/kidneyDiseaseClassifier/pipeline/stage_03_model_training.py
      hash: md5
      md5: 972f69482be5f8ffb686a70a895c736e
      size: 1117
    params:
      params.yaml:
        AUGMENTATION: true
        BATCH_SIZE: 16
        EPOCHS: 3
        IMAGE_SIZE:
        - 224
        - 224
        - 3
    outs:
    - path: artifacts/training/model.h5
      hash: md5
      md5: 150bc4645a3f527e889109ef4a92082d
      size: 59540824
  evaluation:
    cmd: python src/kidneyDiseaseClassifier/pipeline/stage_04_model_evaluation.py
    deps:
    - path: artifacts/data_ingestion/CT-KIDNEY-DATASET-Normal-Cyst-Tumor-Stone
      hash: md5
      md5: 2800e3d66da06116e05a6912be5bd40e.dir
      size: 9992647
      nfiles: 98
    - path: artifacts/training/model.h5
      hash: md5
      md5: 150bc4645a3f527e889109ef4a92082d
      size: 59540824
    - path: config/config.yaml
      hash: md5
      md5: 1388a08cb3883c3cef5eb62ae1236f0f
      size: 580
    - path: src/kidneyDiseaseClassifier/pipeline/stage_04_model_evaluation.py
      hash: md5
      md5: 219a4d2dfdcddda3f5abcd68893ff006
      size: 1146
    params:
      params.yaml:
        BATCH_SIZE: 16
        IMAGE_SIZE:
        - 224
        - 224
        - 3
    outs:
    - path: scores.json
      hash: md5
      md5: c794034b45cc2a3daba2ec1629f5f240
      size: 72
